
Microsoft Visual Studio Solution File, Format Version 12.00
# Visual Studio Version 16
VisualStudioVersion = 16.0.31624.102
MinimumVisualStudioVersion = 10.0.40219.1
Project("{FAE04EC0-301F-11D3-BF4B-00C04F79EFBC}") = "Assembly-CSharp", "Assembly-CSharp.csproj", "{7637D66F-2ED9-9ED5-C2DE-573AB6042A7F}"
EndProject
Global
	GlobalSection(SolutionConfigurationPlatforms) = preSolution
		Debug|Any CPU = Debug|Any CPU
	EndGlobalSection
	GlobalSection(ProjectConfigurationPlatforms) = postSolution
		{7637D66F-2ED9-9ED5-C2DE-573AB6042A7F}.Debug|Any CPU.ActiveCfg = Debug|Any CPU
		{7637D66F-2ED9-9ED5-C2DE-573AB6042A7F}.Debug|Any CPU.Build.0 = Debug|Any CPU
	EndGlobalSection
	GlobalSection(SolutionProperties) = preSolution
		HideSolutionNode = FALSE
	EndGlobalSection
	GlobalSection(ExtensibilityGlobals) = postSolution
		SolutionGuid = {B391EC4D-AA6C-4D6F-8DFF-7B97195EBB63}
	EndGlobalSection
EndGlobal
